
Microsoft Visual Studio Solution File, Format Version 12.00
# Visual Studio Version 17
VisualStudioVersion = 17.1.32407.343
MinimumVisualStudioVersion = 10.0.40219.1
Project("{F184B08F-C81C-45F6-A57F-5ABD9991F28F}") = "media runner", "picture viewer\media runner.vbproj", "{A8F3A9DF-A374-4513-B110-91F1541C359C}"
EndProject
Global
	GlobalSection(SolutionConfigurationPlatforms) = preSolution
		Debug|Any CPU = Debug|Any CPU
		Release|Any CPU = Release|Any CPU
	EndGlobalSection
	GlobalSection(ProjectConfigurationPlatforms) = postSolution
		{A8F3A9DF-A374-4513-B110-91F1541C359C}.Debug|Any CPU.ActiveCfg = Debug|Any CPU
		{A8F3A9DF-A374-4513-B110-91F1541C359C}.Debug|Any CPU.Build.0 = Debug|Any CPU
		{A8F3A9DF-A374-4513-B110-91F1541C359C}.Release|Any CPU.ActiveCfg = Release|Any CPU
		{A8F3A9DF-A374-4513-B110-91F1541C359C}.Release|Any CPU.Build.0 = Release|Any CPU
	EndGlobalSection
	GlobalSection(SolutionProperties) = preSolution
		HideSolutionNode = FALSE
	EndGlobalSection
	GlobalSection(ExtensibilityGlobals) = postSolution
		SolutionGuid = {DFC2CF03-42E5-488E-A9BE-A7EEF39498C0}
	EndGlobalSection
EndGlobal
